
Microsoft Visual Studio Solution File, Format Version 12.00
# Visual Studio Version 17
VisualStudioVersion = 17.4.33213.308
MinimumVisualStudioVersion = 10.0.40219.1
Project("{9A19103F-16F7-4668-BE54-9A1E7A4F7556}") = "Domain", "Domain\Domain.csproj", "{E545092B-8596-4201-8422-8D0159283F8D}"
EndProject
Project("{9A19103F-16F7-4668-BE54-9A1E7A4F7556}") = "TestDomain", "TestDomain\TestDomain.csproj", "{6D4F7A5F-7A40-48C7-BC4B-800C85D0BFE4}"
EndProject
Global
	GlobalSection(SolutionConfigurationPlatforms) = preSolution
		Debug|Any CPU = Debug|Any CPU
		Release|Any CPU = Release|Any CPU
	EndGlobalSection
	GlobalSection(ProjectConfigurationPlatforms) = postSolution
		{E545092B-8596-4201-8422-8D0159283F8D}.Debug|Any CPU.ActiveCfg = Debug|Any CPU
		{E545092B-8596-4201-8422-8D0159283F8D}.Debug|Any CPU.Build.0 = Debug|Any CPU
		{E545092B-8596-4201-8422-8D0159283F8D}.Release|Any CPU.ActiveCfg = Release|Any CPU
		{E545092B-8596-4201-8422-8D0159283F8D}.Release|Any CPU.Build.0 = Release|Any CPU
		{6D4F7A5F-7A40-48C7-BC4B-800C85D0BFE4}.Debug|Any CPU.ActiveCfg = Debug|Any CPU
		{6D4F7A5F-7A40-48C7-BC4B-800C85D0BFE4}.Debug|Any CPU.Build.0 = Debug|Any CPU
		{6D4F7A5F-7A40-48C7-BC4B-800C85D0BFE4}.Release|Any CPU.ActiveCfg = Release|Any CPU
		{6D4F7A5F-7A40-48C7-BC4B-800C85D0BFE4}.Release|Any CPU.Build.0 = Release|Any CPU
	EndGlobalSection
	GlobalSection(SolutionProperties) = preSolution
		HideSolutionNode = FALSE
	EndGlobalSection
	GlobalSection(ExtensibilityGlobals) = postSolution
		SolutionGuid = {FF2155EC-E995-40BE-9316-9341A9433FC8}
	EndGlobalSection
EndGlobal
